<?xml version="1.0" encoding="utf-8"?>
<Project ToolsVersion="4.0" xmlns="http://schemas.microsoft.com/developer/msbuild/2003">
  <ItemGroup>
    <ClCompile Include="main.cpp" />
    <ClCompile Include="Engine\Core\Window.cpp">
      <Filter>Engine\Core</Filter>
    </ClCompile>
    <ClCompile Include="Engine\Utility\ObjFileLoader.cpp">
      <Filter>Engine\Utility</Filter>
    </ClCompile>
    <ClCompile Include="Engine\Rendering\Camera.cpp">
      <Filter>Engine\Rendering</Filter>
    </ClCompile>
    <ClCompile Include="Engine\Rendering\Renderer.cpp">
      <Filter>Engine\Rendering</Filter>
    </ClCompile>
    <ClCompile Include="Engine\ObjFactory.cpp" />
    <ClCompile Include="Engine\Helper Libraries\MaterialLibrary.cpp" />
    <ClCompile Include="Engine\Helper Libraries\MeshLibrary.cpp" />
    <ClCompile Include="Engine\Helper Libraries\ObjLibrary.cpp" />
    <ClCompile Include="Engine\GameObjects\Bullet.cpp" />
    <ClCompile Include="Engine\GameObjects\Collectible.cpp" />
    <ClCompile Include="Engine\GameObjects\GameObject.cpp" />
    <ClCompile Include="Engine\GameObjects\Player.cpp" />
    <ClCompile Include="Engine\GameObjects\PointLightObject.cpp" />
    <ClCompile Include="Engine\GameObjects\TargetBox.cpp" />
    <ClCompile Include="Engine\Core\CollisionHandler.cpp" />
    <ClCompile Include="Engine\Core\InputHandler.cpp" />
    <ClCompile Include="Engine\Core\Skybox.cpp" />
    <ClCompile Include="Engine\Core\SoundHandler.cpp" />
    <ClCompile Include="Engine\Core\Game\Game.cpp" />
    <ClCompile Include="Engine\Core\Game\Time.cpp" />
    <ClCompile Include="Engine\Core\Game\World.cpp" />
    <ClCompile Include="Engine\GameObjects\Components\BoundingBox.cpp" />
    <ClCompile Include="Engine\GameObjects\Components\Material.cpp" />
    <ClCompile Include="Engine\GameObjects\Components\Mesh.cpp" />
    <ClCompile Include="Engine\GameObjects\Components\Transform.cpp" />
    <ClCompile Include="Engine\Rendering\Lights\DirectionalLight.cpp" />
    <ClCompile Include="Engine\Rendering\Lights\Light.cpp" />
    <ClCompile Include="Engine\Rendering\Lights\PointLight.cpp" />
    <ClCompile Include="Engine\Rendering\Text\Text.cpp" />
    <ClCompile Include="Engine\Core\UI\UI.cpp" />
    <ClCompile Include="Engine\Core\UI\UIPanel.cpp" />
  </ItemGroup>
  <ItemGroup>
    <ClInclude Include="Engine\Core\Window.h">
      <Filter>Engine\Core</Filter>
    </ClInclude>
    <ClInclude Include="ReadData.h">
      <Filter>Engine\Utility</Filter>
    </ClInclude>
    <ClInclude Include="Engine\Utility\ReadData.h" />
    <ClInclude Include="Engine\Utility\TypeHelpers.h">
      <Filter>Engine\Utility</Filter>
    </ClInclude>
    <ClInclude Include="Engine\Utility\Singleton.h">
      <Filter>Engine\Utility</Filter>
    </ClInclude>
    <ClInclude Include="Engine\Utility\ObjFileLoader.h">
      <Filter>Engine\Utility</Filter>
    </ClInclude>
    <ClInclude Include="Engine\Rendering\Camera.h">
      <Filter>Engine\Rendering</Filter>
    </ClInclude>
    <ClInclude Include="Engine\Rendering\Renderer.h">
      <Filter>Engine\Rendering</Filter>
    </ClInclude>
    <ClInclude Include="Engine\ObjFactory.h" />
    <ClInclude Include="Engine\Helper Libraries\MaterialLibrary.h" />
    <ClInclude Include="Engine\Helper Libraries\MeshLibrary.h" />
    <ClInclude Include="Engine\Helper Libraries\ObjLibrary.h" />
    <ClInclude Include="Engine\GameObjects\Bullet.h" />
    <ClInclude Include="Engine\GameObjects\Collectible.h" />
    <ClInclude Include="Engine\GameObjects\GameObject.h" />
    <ClInclude Include="Engine\GameObjects\Player.h" />
    <ClInclude Include="Engine\GameObjects\PointLightObject.h" />
    <ClInclude Include="Engine\GameObjects\TargetBox.h" />
    <ClInclude Include="Engine\Core\CollisionHandler.h" />
    <ClInclude Include="Engine\Core\InputHandler.h" />
    <ClInclude Include="Engine\Core\Skybox.h" />
    <ClInclude Include="Engine\Core\SoundHandler.h" />
    <ClInclude Include="Engine\Core\Game\Game.h" />
    <ClInclude Include="Engine\Core\Game\Time.h" />
    <ClInclude Include="Engine\Core\Game\World.h" />
    <ClInclude Include="Engine\GameObjects\Components\BoundingBox.h" />
    <ClInclude Include="Engine\GameObjects\Components\Material.h" />
    <ClInclude Include="Engine\GameObjects\Components\Mesh.h" />
    <ClInclude Include="Engine\GameObjects\Components\Transform.h" />
    <ClInclude Include="Engine\Rendering\Lights\DirectionalLight.h" />
    <ClInclude Include="Engine\Rendering\Lights\Light.h" />
    <ClInclude Include="Engine\Rendering\Lights\PointLight.h" />
    <ClInclude Include="Engine\Rendering\Text\Text.h" />
    <ClInclude Include="Engine\Core\UI\UI.h" />
    <ClInclude Include="Engine\Core\UI\UIPanel.h" />
  </ItemGroup>
  <ItemGroup>
    <Filter Include="Engine">
      <UniqueIdentifier>{fd4656c8-b191-4f61-908e-b83fe8c468c0}</UniqueIdentifier>
    </Filter>
    <Filter Include="Engine\Core">
      <UniqueIdentifier>{d21b3823-8fda-4316-b5a0-130b045b0777}</UniqueIdentifier>
    </Filter>
    <Filter Include="Engine\Rendering">
      <UniqueIdentifier>{991c4d81-985b-4e06-b5b4-8b1f17d8076b}</UniqueIdentifier>
    </Filter>
    <Filter Include="Engine\Utility">
      <UniqueIdentifier>{bbeffb4c-0bc8-4e99-917a-fc5f08e7df14}</UniqueIdentifier>
    </Filter>
    <Filter Include="Engine\Game Objects">
      <UniqueIdentifier>{7fe2ae72-a1af-4b2b-a2e0-18739de6429b}</UniqueIdentifier>
    </Filter>
    <Filter Include="Engine\Helper Libraries">
      <UniqueIdentifier>{621ad275-864d-4ecf-9299-7ce5594b53e6}</UniqueIdentifier>
    </Filter>
    <Filter Include="Engine\Rendering\Lights">
      <UniqueIdentifier>{efe900df-251e-4a59-bf6b-b4ca8f98ebd9}</UniqueIdentifier>
    </Filter>
    <Filter Include="Engine\Rendering\Text">
      <UniqueIdentifier>{5f236597-b462-4923-87c6-c4c426047773}</UniqueIdentifier>
    </Filter>
    <Filter Include="Shaders">
      <UniqueIdentifier>{83622b33-0af7-4c52-8ac7-1d3548d1c049}</UniqueIdentifier>
    </Filter>
    <Filter Include="Engine\Game Objects\Game Object Components">
      <UniqueIdentifier>{f525d17a-f16e-4c67-a2da-e7917555572d}</UniqueIdentifier>
    </Filter>
    <Filter Include="Engine\Core\UI">
      <UniqueIdentifier>{35fc3708-7b77-45c8-92df-15a572b031a0}</UniqueIdentifier>
    </Filter>
    <Filter Include="Engine\Core\Game">
      <UniqueIdentifier>{c27e2153-7cd0-4654-a289-f6f39bff2c8d}</UniqueIdentifier>
    </Filter>
  </ItemGroup>
  <ItemGroup>
    <None Include="packages.config" />
  </ItemGroup>
</Project>