<?xml version="1.0" encoding="utf-8"?>
<Project ToolsVersion="4.0" xmlns="http://schemas.microsoft.com/developer/msbuild/2003">
  <ItemGroup>
    <FxCompile Include="PixelShader.hlsl" />
    <FxCompile Include="SkyboxPShader.hlsl" />
    <FxCompile Include="SkyboxVShader.hlsl" />
    <FxCompile Include="text2D_shaders.hlsl" />
    <FxCompile Include="VertexShader.hlsl" />
  </ItemGroup>
  <ItemGroup>
    <ClCompile Include="main.cpp" />
    <ClCompile Include="Engine\Core\Window.cpp">
      <Filter>Engine\Core</Filter>
    </ClCompile>
    <ClCompile Include="Engine\Core\Time.cpp">
      <Filter>Engine\Core</Filter>
    </ClCompile>
    <ClCompile Include="Renderer.cpp">
      <Filter>Engine\Rendering</Filter>
    </ClCompile>
    <ClCompile Include="ObjFileLoader.cpp">
      <Filter>Engine\Utility</Filter>
    </ClCompile>
    <ClCompile Include="Transform.cpp">
      <Filter>Engine\Game Object Components</Filter>
    </ClCompile>
    <ClCompile Include="ObjFactory.cpp" />
    <ClCompile Include="Mesh.cpp">
      <Filter>Engine\Game Object Components</Filter>
    </ClCompile>
    <ClCompile Include="GameObject.cpp" />
  </ItemGroup>
  <ItemGroup>
    <ClInclude Include="Engine\Core\Window.h">
      <Filter>Engine\Core</Filter>
    </ClInclude>
    <ClInclude Include="Engine\Core\Time.h">
      <Filter>Engine\Core</Filter>
    </ClInclude>
    <ClInclude Include="Renderer.h">
      <Filter>Engine\Rendering</Filter>
    </ClInclude>
    <ClInclude Include="ObjFileLoader.h">
      <Filter>Engine\Utility</Filter>
    </ClInclude>
    <ClInclude Include="ReadData.h">
      <Filter>Engine\Utility</Filter>
    </ClInclude>
    <ClInclude Include="Singleton.h">
      <Filter>Engine\Utility</Filter>
    </ClInclude>
    <ClInclude Include="Transform.h">
      <Filter>Engine\Game Object Components</Filter>
    </ClInclude>
    <ClInclude Include="ObjFactory.h" />
    <ClInclude Include="Mesh.h">
      <Filter>Engine\Game Object Components</Filter>
    </ClInclude>
    <ClInclude Include="GameObject.h" />
  </ItemGroup>
  <ItemGroup>
    <Filter Include="Engine">
      <UniqueIdentifier>{fd4656c8-b191-4f61-908e-b83fe8c468c0}</UniqueIdentifier>
    </Filter>
    <Filter Include="Engine\Core">
      <UniqueIdentifier>{d21b3823-8fda-4316-b5a0-130b045b0777}</UniqueIdentifier>
    </Filter>
    <Filter Include="Engine\Rendering">
      <UniqueIdentifier>{991c4d81-985b-4e06-b5b4-8b1f17d8076b}</UniqueIdentifier>
    </Filter>
    <Filter Include="Engine\Utility">
      <UniqueIdentifier>{bbeffb4c-0bc8-4e99-917a-fc5f08e7df14}</UniqueIdentifier>
    </Filter>
    <Filter Include="Engine\Game Object Components">
      <UniqueIdentifier>{f525d17a-f16e-4c67-a2da-e7917555572d}</UniqueIdentifier>
    </Filter>
    <Filter Include="Engine\Core\Game Objects">
      <UniqueIdentifier>{7fe2ae72-a1af-4b2b-a2e0-18739de6429b}</UniqueIdentifier>
    </Filter>
  </ItemGroup>
  <ItemGroup>
    <None Include="packages.config" />
  </ItemGroup>
</Project>